
Microsoft Visual Studio Solution File, Format Version 12.00
# Visual Studio 15
VisualStudioVersion = 15.0.26730.16
MinimumVisualStudioVersion = 10.0.40219.1
Project("{FAE04EC0-301F-11D3-BF4B-00C04F79EFBC}") = "DraggableWindow", "DraggableWindow\DraggableWindow.csproj", "{47430377-37E9-4368-BDA7-C67BD73339CC}"
EndProject
Project("{2150E333-8FDC-42A3-9474-1A3956D46DE8}") = "Solution Items", "Solution Items", "{03AE3693-8FBF-4275-93BB-68413A0E357B}"
	ProjectSection(SolutionItems) = preProject
		README.md = README.md
	EndProjectSection
EndProject
Project("{FAE04EC0-301F-11D3-BF4B-00C04F79EFBC}") = "DraggableWindowXamarin", "DraggableWindowXamarin\DraggableWindowXamarin\DraggableWindowXamarin.csproj", "{5AB6137A-0960-41A7-85B7-2FE7527C4FD3}"
EndProject
Project("{FAE04EC0-301F-11D3-BF4B-00C04F79EFBC}") = "DraggableWindowXamarin.UWP", "DraggableWindowXamarin\DraggableWindowXamarin.UWP\DraggableWindowXamarin.UWP.csproj", "{30018302-6EA0-4BE8-948C-160CFB5F6CD0}"
EndProject
Global
	GlobalSection(SolutionConfigurationPlatforms) = preSolution
		Ad-Hoc|Any CPU = Ad-Hoc|Any CPU
		Ad-Hoc|ARM = Ad-Hoc|ARM
		Ad-Hoc|iPhone = Ad-Hoc|iPhone
		Ad-Hoc|iPhoneSimulator = Ad-Hoc|iPhoneSimulator
		Ad-Hoc|x64 = Ad-Hoc|x64
		Ad-Hoc|x86 = Ad-Hoc|x86
		AppStore|Any CPU = AppStore|Any CPU
		AppStore|ARM = AppStore|ARM
		AppStore|iPhone = AppStore|iPhone
		AppStore|iPhoneSimulator = AppStore|iPhoneSimulator
		AppStore|x64 = AppStore|x64
		AppStore|x86 = AppStore|x86
		Debug|Any CPU = Debug|Any CPU
		Debug|ARM = Debug|ARM
		Debug|iPhone = Debug|iPhone
		Debug|iPhoneSimulator = Debug|iPhoneSimulator
		Debug|x64 = Debug|x64
		Debug|x86 = Debug|x86
		Release|Any CPU = Release|Any CPU
		Release|ARM = Release|ARM
		Release|iPhone = Release|iPhone
		Release|iPhoneSimulator = Release|iPhoneSimulator
		Release|x64 = Release|x64
		Release|x86 = Release|x86
	EndGlobalSection
	GlobalSection(ProjectConfigurationPlatforms) = postSolution
		{47430377-37E9-4368-BDA7-C67BD73339CC}.Ad-Hoc|Any CPU.ActiveCfg = Release|x86
		{47430377-37E9-4368-BDA7-C67BD73339CC}.Ad-Hoc|Any CPU.Build.0 = Release|x86
		{47430377-37E9-4368-BDA7-C67BD73339CC}.Ad-Hoc|Any CPU.Deploy.0 = Release|x86
		{47430377-37E9-4368-BDA7-C67BD73339CC}.Ad-Hoc|ARM.ActiveCfg = Release|ARM
		{47430377-37E9-4368-BDA7-C67BD73339CC}.Ad-Hoc|ARM.Build.0 = Release|ARM
		{47430377-37E9-4368-BDA7-C67BD73339CC}.Ad-Hoc|ARM.Deploy.0 = Release|ARM
		{47430377-37E9-4368-BDA7-C67BD73339CC}.Ad-Hoc|iPhone.ActiveCfg = Release|x86
		{47430377-37E9-4368-BDA7-C67BD73339CC}.Ad-Hoc|iPhone.Build.0 = Release|x86
		{47430377-37E9-4368-BDA7-C67BD73339CC}.Ad-Hoc|iPhone.Deploy.0 = Release|x86
		{47430377-37E9-4368-BDA7-C67BD73339CC}.Ad-Hoc|iPhoneSimulator.ActiveCfg = Release|x86
		{47430377-37E9-4368-BDA7-C67BD73339CC}.Ad-Hoc|iPhoneSimulator.Build.0 = Release|x86
		{47430377-37E9-4368-BDA7-C67BD73339CC}.Ad-Hoc|iPhoneSimulator.Deploy.0 = Release|x86
		{47430377-37E9-4368-BDA7-C67BD73339CC}.Ad-Hoc|x64.ActiveCfg = Release|x64
		{47430377-37E9-4368-BDA7-C67BD73339CC}.Ad-Hoc|x64.Build.0 = Release|x64
		{47430377-37E9-4368-BDA7-C67BD73339CC}.Ad-Hoc|x64.Deploy.0 = Release|x64
		{47430377-37E9-4368-BDA7-C67BD73339CC}.Ad-Hoc|x86.ActiveCfg = Release|x86
		{47430377-37E9-4368-BDA7-C67BD73339CC}.Ad-Hoc|x86.Build.0 = Release|x86
		{47430377-37E9-4368-BDA7-C67BD73339CC}.Ad-Hoc|x86.Deploy.0 = Release|x86
		{47430377-37E9-4368-BDA7-C67BD73339CC}.AppStore|Any CPU.ActiveCfg = Release|x86
		{47430377-37E9-4368-BDA7-C67BD73339CC}.AppStore|Any CPU.Build.0 = Release|x86
		{47430377-37E9-4368-BDA7-C67BD73339CC}.AppStore|Any CPU.Deploy.0 = Release|x86
		{47430377-37E9-4368-BDA7-C67BD73339CC}.AppStore|ARM.ActiveCfg = Release|ARM
		{47430377-37E9-4368-BDA7-C67BD73339CC}.AppStore|ARM.Build.0 = Release|ARM
		{47430377-37E9-4368-BDA7-C67BD73339CC}.AppStore|ARM.Deploy.0 = Release|ARM
		{47430377-37E9-4368-BDA7-C67BD73339CC}.AppStore|iPhone.ActiveCfg = Release|x86
		{47430377-37E9-4368-BDA7-C67BD73339CC}.AppStore|iPhone.Build.0 = Release|x86
		{47430377-37E9-4368-BDA7-C67BD73339CC}.AppStore|iPhone.Deploy.0 = Release|x86
		{47430377-37E9-4368-BDA7-C67BD73339CC}.AppStore|iPhoneSimulator.ActiveCfg = Release|x86
		{47430377-37E9-4368-BDA7-C67BD73339CC}.AppStore|iPhoneSimulator.Build.0 = Release|x86
		{47430377-37E9-4368-BDA7-C67BD73339CC}.AppStore|iPhoneSimulator.Deploy.0 = Release|x86
		{47430377-37E9-4368-BDA7-C67BD73339CC}.AppStore|x64.ActiveCfg = Release|x64
		{47430377-37E9-4368-BDA7-C67BD73339CC}.AppStore|x64.Build.0 = Release|x64
		{47430377-37E9-4368-BDA7-C67BD73339CC}.AppStore|x64.Deploy.0 = Release|x64
		{47430377-37E9-4368-BDA7-C67BD73339CC}.AppStore|x86.ActiveCfg = Release|x86
		{47430377-37E9-4368-BDA7-C67BD73339CC}.AppStore|x86.Build.0 = Release|x86
		{47430377-37E9-4368-BDA7-C67BD73339CC}.AppStore|x86.Deploy.0 = Release|x86
		{47430377-37E9-4368-BDA7-C67BD73339CC}.Debug|Any CPU.ActiveCfg = Debug|x86
		{47430377-37E9-4368-BDA7-C67BD73339CC}.Debug|ARM.ActiveCfg = Debug|ARM
		{47430377-37E9-4368-BDA7-C67BD73339CC}.Debug|ARM.Build.0 = Debug|ARM
		{47430377-37E9-4368-BDA7-C67BD73339CC}.Debug|ARM.Deploy.0 = Debug|ARM
		{47430377-37E9-4368-BDA7-C67BD73339CC}.Debug|iPhone.ActiveCfg = Debug|x86
		{47430377-37E9-4368-BDA7-C67BD73339CC}.Debug|iPhoneSimulator.ActiveCfg = Debug|x86
		{47430377-37E9-4368-BDA7-C67BD73339CC}.Debug|x64.ActiveCfg = Debug|x64
		{47430377-37E9-4368-BDA7-C67BD73339CC}.Debug|x64.Build.0 = Debug|x64
		{47430377-37E9-4368-BDA7-C67BD73339CC}.Debug|x64.Deploy.0 = Debug|x64
		{47430377-37E9-4368-BDA7-C67BD73339CC}.Debug|x86.ActiveCfg = Debug|x86
		{47430377-37E9-4368-BDA7-C67BD73339CC}.Debug|x86.Build.0 = Debug|x86
		{47430377-37E9-4368-BDA7-C67BD73339CC}.Debug|x86.Deploy.0 = Debug|x86
		{47430377-37E9-4368-BDA7-C67BD73339CC}.Release|Any CPU.ActiveCfg = Release|x86
		{47430377-37E9-4368-BDA7-C67BD73339CC}.Release|ARM.ActiveCfg = Release|ARM
		{47430377-37E9-4368-BDA7-C67BD73339CC}.Release|ARM.Build.0 = Release|ARM
		{47430377-37E9-4368-BDA7-C67BD73339CC}.Release|ARM.Deploy.0 = Release|ARM
		{47430377-37E9-4368-BDA7-C67BD73339CC}.Release|iPhone.ActiveCfg = Release|x86
		{47430377-37E9-4368-BDA7-C67BD73339CC}.Release|iPhoneSimulator.ActiveCfg = Release|x86
		{47430377-37E9-4368-BDA7-C67BD73339CC}.Release|x64.ActiveCfg = Release|x64
		{47430377-37E9-4368-BDA7-C67BD73339CC}.Release|x64.Build.0 = Release|x64
		{47430377-37E9-4368-BDA7-C67BD73339CC}.Release|x64.Deploy.0 = Release|x64
		{47430377-37E9-4368-BDA7-C67BD73339CC}.Release|x86.ActiveCfg = Release|x86
		{47430377-37E9-4368-BDA7-C67BD73339CC}.Release|x86.Build.0 = Release|x86
		{47430377-37E9-4368-BDA7-C67BD73339CC}.Release|x86.Deploy.0 = Release|x86
		{5AB6137A-0960-41A7-85B7-2FE7527C4FD3}.Ad-Hoc|Any CPU.ActiveCfg = Release|Any CPU
		{5AB6137A-0960-41A7-85B7-2FE7527C4FD3}.Ad-Hoc|Any CPU.Build.0 = Release|Any CPU
		{5AB6137A-0960-41A7-85B7-2FE7527C4FD3}.Ad-Hoc|ARM.ActiveCfg = Release|Any CPU
		{5AB6137A-0960-41A7-85B7-2FE7527C4FD3}.Ad-Hoc|ARM.Build.0 = Release|Any CPU
		{5AB6137A-0960-41A7-85B7-2FE7527C4FD3}.Ad-Hoc|iPhone.ActiveCfg = Release|Any CPU
		{5AB6137A-0960-41A7-85B7-2FE7527C4FD3}.Ad-Hoc|iPhone.Build.0 = Release|Any CPU
		{5AB6137A-0960-41A7-85B7-2FE7527C4FD3}.Ad-Hoc|iPhoneSimulator.ActiveCfg = Release|Any CPU
		{5AB6137A-0960-41A7-85B7-2FE7527C4FD3}.Ad-Hoc|iPhoneSimulator.Build.0 = Release|Any CPU
		{5AB6137A-0960-41A7-85B7-2FE7527C4FD3}.Ad-Hoc|x64.ActiveCfg = Release|Any CPU
		{5AB6137A-0960-41A7-85B7-2FE7527C4FD3}.Ad-Hoc|x64.Build.0 = Release|Any CPU
		{5AB6137A-0960-41A7-85B7-2FE7527C4FD3}.Ad-Hoc|x86.ActiveCfg = Release|Any CPU
		{5AB6137A-0960-41A7-85B7-2FE7527C4FD3}.Ad-Hoc|x86.Build.0 = Release|Any CPU
		{5AB6137A-0960-41A7-85B7-2FE7527C4FD3}.AppStore|Any CPU.ActiveCfg = Release|Any CPU
		{5AB6137A-0960-41A7-85B7-2FE7527C4FD3}.AppStore|Any CPU.Build.0 = Release|Any CPU
		{5AB6137A-0960-41A7-85B7-2FE7527C4FD3}.AppStore|ARM.ActiveCfg = Release|Any CPU
		{5AB6137A-0960-41A7-85B7-2FE7527C4FD3}.AppStore|ARM.Build.0 = Release|Any CPU
		{5AB6137A-0960-41A7-85B7-2FE7527C4FD3}.AppStore|iPhone.ActiveCfg = Release|Any CPU
		{5AB6137A-0960-41A7-85B7-2FE7527C4FD3}.AppStore|iPhone.Build.0 = Release|Any CPU
		{5AB6137A-0960-41A7-85B7-2FE7527C4FD3}.AppStore|iPhoneSimulator.ActiveCfg = Release|Any CPU
		{5AB6137A-0960-41A7-85B7-2FE7527C4FD3}.AppStore|iPhoneSimulator.Build.0 = Release|Any CPU
		{5AB6137A-0960-41A7-85B7-2FE7527C4FD3}.AppStore|x64.ActiveCfg = Release|Any CPU
		{5AB6137A-0960-41A7-85B7-2FE7527C4FD3}.AppStore|x64.Build.0 = Release|Any CPU
		{5AB6137A-0960-41A7-85B7-2FE7527C4FD3}.AppStore|x86.ActiveCfg = Release|Any CPU
		{5AB6137A-0960-41A7-85B7-2FE7527C4FD3}.AppStore|x86.Build.0 = Release|Any CPU
		{5AB6137A-0960-41A7-85B7-2FE7527C4FD3}.Debug|Any CPU.ActiveCfg = Debug|Any CPU
		{5AB6137A-0960-41A7-85B7-2FE7527C4FD3}.Debug|Any CPU.Build.0 = Debug|Any CPU
		{5AB6137A-0960-41A7-85B7-2FE7527C4FD3}.Debug|ARM.ActiveCfg = Debug|Any CPU
		{5AB6137A-0960-41A7-85B7-2FE7527C4FD3}.Debug|ARM.Build.0 = Debug|Any CPU
		{5AB6137A-0960-41A7-85B7-2FE7527C4FD3}.Debug|iPhone.ActiveCfg = Debug|Any CPU
		{5AB6137A-0960-41A7-85B7-2FE7527C4FD3}.Debug|iPhone.Build.0 = Debug|Any CPU
		{5AB6137A-0960-41A7-85B7-2FE7527C4FD3}.Debug|iPhoneSimulator.ActiveCfg = Debug|Any CPU
		{5AB6137A-0960-41A7-85B7-2FE7527C4FD3}.Debug|iPhoneSimulator.Build.0 = Debug|Any CPU
		{5AB6137A-0960-41A7-85B7-2FE7527C4FD3}.Debug|x64.ActiveCfg = Debug|Any CPU
		{5AB6137A-0960-41A7-85B7-2FE7527C4FD3}.Debug|x64.Build.0 = Debug|Any CPU
		{5AB6137A-0960-41A7-85B7-2FE7527C4FD3}.Debug|x86.ActiveCfg = Debug|Any CPU
		{5AB6137A-0960-41A7-85B7-2FE7527C4FD3}.Debug|x86.Build.0 = Debug|Any CPU
		{5AB6137A-0960-41A7-85B7-2FE7527C4FD3}.Release|Any CPU.ActiveCfg = Release|Any CPU
		{5AB6137A-0960-41A7-85B7-2FE7527C4FD3}.Release|Any CPU.Build.0 = Release|Any CPU
		{5AB6137A-0960-41A7-85B7-2FE7527C4FD3}.Release|ARM.ActiveCfg = Release|Any CPU
		{5AB6137A-0960-41A7-85B7-2FE7527C4FD3}.Release|ARM.Build.0 = Release|Any CPU
		{5AB6137A-0960-41A7-85B7-2FE7527C4FD3}.Release|iPhone.ActiveCfg = Release|Any CPU
		{5AB6137A-0960-41A7-85B7-2FE7527C4FD3}.Release|iPhone.Build.0 = Release|Any CPU
		{5AB6137A-0960-41A7-85B7-2FE7527C4FD3}.Release|iPhoneSimulator.ActiveCfg = Release|Any CPU
		{5AB6137A-0960-41A7-85B7-2FE7527C4FD3}.Release|iPhoneSimulator.Build.0 = Release|Any CPU
		{5AB6137A-0960-41A7-85B7-2FE7527C4FD3}.Release|x64.ActiveCfg = Release|Any CPU
		{5AB6137A-0960-41A7-85B7-2FE7527C4FD3}.Release|x64.Build.0 = Release|Any CPU
		{5AB6137A-0960-41A7-85B7-2FE7527C4FD3}.Release|x86.ActiveCfg = Release|Any CPU
		{5AB6137A-0960-41A7-85B7-2FE7527C4FD3}.Release|x86.Build.0 = Release|Any CPU
		{30018302-6EA0-4BE8-948C-160CFB5F6CD0}.Ad-Hoc|Any CPU.ActiveCfg = Release|x86
		{30018302-6EA0-4BE8-948C-160CFB5F6CD0}.Ad-Hoc|Any CPU.Build.0 = Release|x86
		{30018302-6EA0-4BE8-948C-160CFB5F6CD0}.Ad-Hoc|Any CPU.Deploy.0 = Release|x86
		{30018302-6EA0-4BE8-948C-160CFB5F6CD0}.Ad-Hoc|ARM.ActiveCfg = Release|ARM
		{30018302-6EA0-4BE8-948C-160CFB5F6CD0}.Ad-Hoc|ARM.Build.0 = Release|ARM
		{30018302-6EA0-4BE8-948C-160CFB5F6CD0}.Ad-Hoc|ARM.Deploy.0 = Release|ARM
		{30018302-6EA0-4BE8-948C-160CFB5F6CD0}.Ad-Hoc|iPhone.ActiveCfg = Release|x86
		{30018302-6EA0-4BE8-948C-160CFB5F6CD0}.Ad-Hoc|iPhone.Build.0 = Release|x86
		{30018302-6EA0-4BE8-948C-160CFB5F6CD0}.Ad-Hoc|iPhone.Deploy.0 = Release|x86
		{30018302-6EA0-4BE8-948C-160CFB5F6CD0}.Ad-Hoc|iPhoneSimulator.ActiveCfg = Release|x86
		{30018302-6EA0-4BE8-948C-160CFB5F6CD0}.Ad-Hoc|iPhoneSimulator.Build.0 = Release|x86
		{30018302-6EA0-4BE8-948C-160CFB5F6CD0}.Ad-Hoc|iPhoneSimulator.Deploy.0 = Release|x86
		{30018302-6EA0-4BE8-948C-160CFB5F6CD0}.Ad-Hoc|x64.ActiveCfg = Release|x64
		{30018302-6EA0-4BE8-948C-160CFB5F6CD0}.Ad-Hoc|x64.Build.0 = Release|x64
		{30018302-6EA0-4BE8-948C-160CFB5F6CD0}.Ad-Hoc|x64.Deploy.0 = Release|x64
		{30018302-6EA0-4BE8-948C-160CFB5F6CD0}.Ad-Hoc|x86.ActiveCfg = Release|x86
		{30018302-6EA0-4BE8-948C-160CFB5F6CD0}.Ad-Hoc|x86.Build.0 = Release|x86
		{30018302-6EA0-4BE8-948C-160CFB5F6CD0}.Ad-Hoc|x86.Deploy.0 = Release|x86
		{30018302-6EA0-4BE8-948C-160CFB5F6CD0}.AppStore|Any CPU.ActiveCfg = Release|x86
		{30018302-6EA0-4BE8-948C-160CFB5F6CD0}.AppStore|Any CPU.Build.0 = Release|x86
		{30018302-6EA0-4BE8-948C-160CFB5F6CD0}.AppStore|Any CPU.Deploy.0 = Release|x86
		{30018302-6EA0-4BE8-948C-160CFB5F6CD0}.AppStore|ARM.ActiveCfg = Release|ARM
		{30018302-6EA0-4BE8-948C-160CFB5F6CD0}.AppStore|ARM.Build.0 = Release|ARM
		{30018302-6EA0-4BE8-948C-160CFB5F6CD0}.AppStore|ARM.Deploy.0 = Release|ARM
		{30018302-6EA0-4BE8-948C-160CFB5F6CD0}.AppStore|iPhone.ActiveCfg = Release|x86
		{30018302-6EA0-4BE8-948C-160CFB5F6CD0}.AppStore|iPhone.Build.0 = Release|x86
		{30018302-6EA0-4BE8-948C-160CFB5F6CD0}.AppStore|iPhone.Deploy.0 = Release|x86
		{30018302-6EA0-4BE8-948C-160CFB5F6CD0}.AppStore|iPhoneSimulator.ActiveCfg = Release|x86
		{30018302-6EA0-4BE8-948C-160CFB5F6CD0}.AppStore|iPhoneSimulator.Build.0 = Release|x86
		{30018302-6EA0-4BE8-948C-160CFB5F6CD0}.AppStore|iPhoneSimulator.Deploy.0 = Release|x86
		{30018302-6EA0-4BE8-948C-160CFB5F6CD0}.AppStore|x64.ActiveCfg = Release|x64
		{30018302-6EA0-4BE8-948C-160CFB5F6CD0}.AppStore|x64.Build.0 = Release|x64
		{30018302-6EA0-4BE8-948C-160CFB5F6CD0}.AppStore|x64.Deploy.0 = Release|x64
		{30018302-6EA0-4BE8-948C-160CFB5F6CD0}.AppStore|x86.ActiveCfg = Release|x86
		{30018302-6EA0-4BE8-948C-160CFB5F6CD0}.AppStore|x86.Build.0 = Release|x86
		{30018302-6EA0-4BE8-948C-160CFB5F6CD0}.AppStore|x86.Deploy.0 = Release|x86
		{30018302-6EA0-4BE8-948C-160CFB5F6CD0}.Debug|Any CPU.ActiveCfg = Debug|x86
		{30018302-6EA0-4BE8-948C-160CFB5F6CD0}.Debug|ARM.ActiveCfg = Debug|ARM
		{30018302-6EA0-4BE8-948C-160CFB5F6CD0}.Debug|ARM.Build.0 = Debug|ARM
		{30018302-6EA0-4BE8-948C-160CFB5F6CD0}.Debug|ARM.Deploy.0 = Debug|ARM
		{30018302-6EA0-4BE8-948C-160CFB5F6CD0}.Debug|iPhone.ActiveCfg = Debug|x86
		{30018302-6EA0-4BE8-948C-160CFB5F6CD0}.Debug|iPhoneSimulator.ActiveCfg = Debug|x86
		{30018302-6EA0-4BE8-948C-160CFB5F6CD0}.Debug|x64.ActiveCfg = Debug|x64
		{30018302-6EA0-4BE8-948C-160CFB5F6CD0}.Debug|x64.Build.0 = Debug|x64
		{30018302-6EA0-4BE8-948C-160CFB5F6CD0}.Debug|x64.Deploy.0 = Debug|x64
		{30018302-6EA0-4BE8-948C-160CFB5F6CD0}.Debug|x86.ActiveCfg = Debug|x86
		{30018302-6EA0-4BE8-948C-160CFB5F6CD0}.Debug|x86.Build.0 = Debug|x86
		{30018302-6EA0-4BE8-948C-160CFB5F6CD0}.Debug|x86.Deploy.0 = Debug|x86
		{30018302-6EA0-4BE8-948C-160CFB5F6CD0}.Release|Any CPU.ActiveCfg = Release|x86
		{30018302-6EA0-4BE8-948C-160CFB5F6CD0}.Release|ARM.ActiveCfg = Release|ARM
		{30018302-6EA0-4BE8-948C-160CFB5F6CD0}.Release|ARM.Build.0 = Release|ARM
		{30018302-6EA0-4BE8-948C-160CFB5F6CD0}.Release|ARM.Deploy.0 = Release|ARM
		{30018302-6EA0-4BE8-948C-160CFB5F6CD0}.Release|iPhone.ActiveCfg = Release|x86
		{30018302-6EA0-4BE8-948C-160CFB5F6CD0}.Release|iPhoneSimulator.ActiveCfg = Release|x86
		{30018302-6EA0-4BE8-948C-160CFB5F6CD0}.Release|x64.ActiveCfg = Release|x64
		{30018302-6EA0-4BE8-948C-160CFB5F6CD0}.Release|x64.Build.0 = Release|x64
		{30018302-6EA0-4BE8-948C-160CFB5F6CD0}.Release|x64.Deploy.0 = Release|x64
		{30018302-6EA0-4BE8-948C-160CFB5F6CD0}.Release|x86.ActiveCfg = Release|x86
		{30018302-6EA0-4BE8-948C-160CFB5F6CD0}.Release|x86.Build.0 = Release|x86
		{30018302-6EA0-4BE8-948C-160CFB5F6CD0}.Release|x86.Deploy.0 = Release|x86
	EndGlobalSection
	GlobalSection(SolutionProperties) = preSolution
		HideSolutionNode = FALSE
	EndGlobalSection
	GlobalSection(ExtensibilityGlobals) = postSolution
		SolutionGuid = {254FE925-9D65-4F0B-AC53-C1B9B437A2D7}
	EndGlobalSection
EndGlobal
