
Microsoft Visual Studio Solution File, Format Version 12.00
# Visual Studio 15
VisualStudioVersion = 15.0.26730.16
MinimumVisualStudioVersion = 10.0.40219.1
Project("{FAE04EC0-301F-11D3-BF4B-00C04F79EFBC}") = "EnumComboBox", "EnumComboBox\EnumComboBox.csproj", "{06F2A9E6-7516-4969-89F2-EB20784830B9}"
EndProject
Project("{2150E333-8FDC-42A3-9474-1A3956D46DE8}") = "Solution Items", "Solution Items", "{7DDA3688-E382-4E35-884A-D151D9A8F693}"
	ProjectSection(SolutionItems) = preProject
		README.md = README.md
	EndProjectSection
EndProject
Global
	GlobalSection(SolutionConfigurationPlatforms) = preSolution
		Debug|ARM = Debug|ARM
		Debug|x64 = Debug|x64
		Debug|x86 = Debug|x86
		Release|ARM = Release|ARM
		Release|x64 = Release|x64
		Release|x86 = Release|x86
	EndGlobalSection
	GlobalSection(ProjectConfigurationPlatforms) = postSolution
		{06F2A9E6-7516-4969-89F2-EB20784830B9}.Debug|ARM.ActiveCfg = Debug|ARM
		{06F2A9E6-7516-4969-89F2-EB20784830B9}.Debug|ARM.Build.0 = Debug|ARM
		{06F2A9E6-7516-4969-89F2-EB20784830B9}.Debug|ARM.Deploy.0 = Debug|ARM
		{06F2A9E6-7516-4969-89F2-EB20784830B9}.Debug|x64.ActiveCfg = Debug|x64
		{06F2A9E6-7516-4969-89F2-EB20784830B9}.Debug|x64.Build.0 = Debug|x64
		{06F2A9E6-7516-4969-89F2-EB20784830B9}.Debug|x64.Deploy.0 = Debug|x64
		{06F2A9E6-7516-4969-89F2-EB20784830B9}.Debug|x86.ActiveCfg = Debug|x86
		{06F2A9E6-7516-4969-89F2-EB20784830B9}.Debug|x86.Build.0 = Debug|x86
		{06F2A9E6-7516-4969-89F2-EB20784830B9}.Debug|x86.Deploy.0 = Debug|x86
		{06F2A9E6-7516-4969-89F2-EB20784830B9}.Release|ARM.ActiveCfg = Release|ARM
		{06F2A9E6-7516-4969-89F2-EB20784830B9}.Release|ARM.Build.0 = Release|ARM
		{06F2A9E6-7516-4969-89F2-EB20784830B9}.Release|ARM.Deploy.0 = Release|ARM
		{06F2A9E6-7516-4969-89F2-EB20784830B9}.Release|x64.ActiveCfg = Release|x64
		{06F2A9E6-7516-4969-89F2-EB20784830B9}.Release|x64.Build.0 = Release|x64
		{06F2A9E6-7516-4969-89F2-EB20784830B9}.Release|x64.Deploy.0 = Release|x64
		{06F2A9E6-7516-4969-89F2-EB20784830B9}.Release|x86.ActiveCfg = Release|x86
		{06F2A9E6-7516-4969-89F2-EB20784830B9}.Release|x86.Build.0 = Release|x86
		{06F2A9E6-7516-4969-89F2-EB20784830B9}.Release|x86.Deploy.0 = Release|x86
	EndGlobalSection
	GlobalSection(SolutionProperties) = preSolution
		HideSolutionNode = FALSE
	EndGlobalSection
	GlobalSection(ExtensibilityGlobals) = postSolution
		SolutionGuid = {CA1365B2-D2F3-4F3F-8141-CF6DBC21DE4D}
	EndGlobalSection
EndGlobal
